{
  "name": "DBMS CASE STUDY",
  "lockfileVersion": 2,
  "requires": true,
  "packages": {
    "": {
      "dependencies": {
        "three": "^0.148.0",
        "threejs-toys": "^0.0.8"
      }
    },
    "node_modules/three": {
      "version": "0.148.0",
      "resolved": "https://registry.npmjs.org/three/-/three-0.148.0.tgz",
      "integrity": "sha512-8uzVV+qhTPi0bOFs/3te3RW6hb3urL8jYEl6irjCWo/l6sr8MPNMcClFev/MMYeIxr0gmDcoXTy/8LXh/LXkfw=="
    },
    "node_modules/threejs-toys": {
      "version": "0.0.8",
      "resolved": "https://registry.npmjs.org/threejs-toys/-/threejs-toys-0.0.8.tgz",
      "integrity": "sha512-FTlSVbNJQA4KhMTvDrcsSrfUH5hQzzzyZ9HQk76p6V4kY5O7zoH1zb0tAnir4kDaMupANNW5Ra7ur98+Fjg4bQ=="
    }
  },
  "dependencies": {
    "three": {
      "version": "0.148.0",
      "resolved": "https://registry.npmjs.org/three/-/three-0.148.0.tgz",
      "integrity": "sha512-8uzVV+qhTPi0bOFs/3te3RW6hb3urL8jYEl6irjCWo/l6sr8MPNMcClFev/MMYeIxr0gmDcoXTy/8LXh/LXkfw=="
    },
    "threejs-toys": {
      "version": "0.0.8",
      "resolved": "https://registry.npmjs.org/threejs-toys/-/threejs-toys-0.0.8.tgz",
      "integrity": "sha512-FTlSVbNJQA4KhMTvDrcsSrfUH5hQzzzyZ9HQk76p6V4kY5O7zoH1zb0tAnir4kDaMupANNW5Ra7ur98+Fjg4bQ=="
    }
  }
}
